
Microsoft Visual Studio Solution File, Format Version 12.00
# Visual Studio Version 17
VisualStudioVersion = 17.10.35027.167
MinimumVisualStudioVersion = 10.0.40219.1
Project("{9A19103F-16F7-4668-BE54-9A1E7A4F7556}") = "RedStarSoftLauncher", "RedStarSoftLauncher\RedStarSoftLauncher.csproj", "{8EA105AD-F862-4B7E-A320-A1BA3FCC965F}"
EndProject
Project("{9A19103F-16F7-4668-BE54-9A1E7A4F7556}") = "RedStarSoftLauncher.Desktop", "RedStarSoftLauncher.Desktop\RedStarSoftLauncher.Desktop.csproj", "{C01C81DA-DA95-428B-A0E0-4F0E8418EBFD}"
EndProject
Global
	GlobalSection(SolutionConfigurationPlatforms) = preSolution
		Debug|Any CPU = Debug|Any CPU
		Release|Any CPU = Release|Any CPU
	EndGlobalSection
	GlobalSection(ProjectConfigurationPlatforms) = postSolution
		{8EA105AD-F862-4B7E-A320-A1BA3FCC965F}.Debug|Any CPU.ActiveCfg = Debug|Any CPU
		{8EA105AD-F862-4B7E-A320-A1BA3FCC965F}.Debug|Any CPU.Build.0 = Debug|Any CPU
		{8EA105AD-F862-4B7E-A320-A1BA3FCC965F}.Release|Any CPU.ActiveCfg = Release|Any CPU
		{8EA105AD-F862-4B7E-A320-A1BA3FCC965F}.Release|Any CPU.Build.0 = Release|Any CPU
		{C01C81DA-DA95-428B-A0E0-4F0E8418EBFD}.Debug|Any CPU.ActiveCfg = Debug|Any CPU
		{C01C81DA-DA95-428B-A0E0-4F0E8418EBFD}.Debug|Any CPU.Build.0 = Debug|Any CPU
		{C01C81DA-DA95-428B-A0E0-4F0E8418EBFD}.Release|Any CPU.ActiveCfg = Release|Any CPU
		{C01C81DA-DA95-428B-A0E0-4F0E8418EBFD}.Release|Any CPU.Build.0 = Release|Any CPU
	EndGlobalSection
	GlobalSection(SolutionProperties) = preSolution
		HideSolutionNode = FALSE
	EndGlobalSection
	GlobalSection(ExtensibilityGlobals) = postSolution
		SolutionGuid = {C0B35898-1877-4B54-ABD4-0611C7AC7168}
	EndGlobalSection
EndGlobal
