
Microsoft Visual Studio Solution File, Format Version 12.00
# Visual Studio Version 17
VisualStudioVersion = 17.13.35818.85 d17.13
MinimumVisualStudioVersion = 10.0.40219.1
Project("{FAE04EC0-301F-11D3-BF4B-00C04F79EFBC}") = "RedStarSoftLauncher", "RedStarSoftLauncher\RedStarSoftLauncher.csproj", "{38AF9F60-BE45-D3D8-78C9-8E21B5390CD9}"
EndProject
Project("{FAE04EC0-301F-11D3-BF4B-00C04F79EFBC}") = "RedStarSoftLauncher.Desktop", "RedStarSoftLauncher.Desktop\RedStarSoftLauncher.Desktop.csproj", "{92937FAC-1F68-4F60-8057-3442C2F293F5}"
EndProject
Global
	GlobalSection(SolutionConfigurationPlatforms) = preSolution
		Debug|Any CPU = Debug|Any CPU
		Release|Any CPU = Release|Any CPU
	EndGlobalSection
	GlobalSection(ProjectConfigurationPlatforms) = postSolution
		{38AF9F60-BE45-D3D8-78C9-8E21B5390CD9}.Debug|Any CPU.ActiveCfg = Debug|Any CPU
		{38AF9F60-BE45-D3D8-78C9-8E21B5390CD9}.Debug|Any CPU.Build.0 = Debug|Any CPU
		{38AF9F60-BE45-D3D8-78C9-8E21B5390CD9}.Release|Any CPU.ActiveCfg = Release|Any CPU
		{38AF9F60-BE45-D3D8-78C9-8E21B5390CD9}.Release|Any CPU.Build.0 = Release|Any CPU
		{92937FAC-1F68-4F60-8057-3442C2F293F5}.Debug|Any CPU.ActiveCfg = Debug|Any CPU
		{92937FAC-1F68-4F60-8057-3442C2F293F5}.Debug|Any CPU.Build.0 = Debug|Any CPU
		{92937FAC-1F68-4F60-8057-3442C2F293F5}.Release|Any CPU.ActiveCfg = Release|Any CPU
		{92937FAC-1F68-4F60-8057-3442C2F293F5}.Release|Any CPU.Build.0 = Release|Any CPU
	EndGlobalSection
	GlobalSection(SolutionProperties) = preSolution
		HideSolutionNode = FALSE
	EndGlobalSection
	GlobalSection(ExtensibilityGlobals) = postSolution
		SolutionGuid = {E4EAD525-25DF-4B33-A82B-7B1816707E37}
	EndGlobalSection
EndGlobal
